
Microsoft Visual Studio Solution File, Format Version 12.00
# Visual Studio Version 17
VisualStudioVersion = 17.11.35222.181
MinimumVisualStudioVersion = 10.0.40219.1
Project("{FAE04EC0-301F-11D3-BF4B-00C04F79EFBC}") = "Lab4_Bai6", "Lab4_Bai6.csproj", "{EFA54AEF-5C45-4F8B-BC2E-97D51A79C8EC}"
EndProject
Global
	GlobalSection(SolutionConfigurationPlatforms) = preSolution
		Debug|Any CPU = Debug|Any CPU
		Release|Any CPU = Release|Any CPU
	EndGlobalSection
	GlobalSection(ProjectConfigurationPlatforms) = postSolution
		{EFA54AEF-5C45-4F8B-BC2E-97D51A79C8EC}.Debug|Any CPU.ActiveCfg = Debug|Any CPU
		{EFA54AEF-5C45-4F8B-BC2E-97D51A79C8EC}.Debug|Any CPU.Build.0 = Debug|Any CPU
		{EFA54AEF-5C45-4F8B-BC2E-97D51A79C8EC}.Release|Any CPU.ActiveCfg = Release|Any CPU
		{EFA54AEF-5C45-4F8B-BC2E-97D51A79C8EC}.Release|Any CPU.Build.0 = Release|Any CPU
	EndGlobalSection
	GlobalSection(SolutionProperties) = preSolution
		HideSolutionNode = FALSE
	EndGlobalSection
	GlobalSection(ExtensibilityGlobals) = postSolution
		SolutionGuid = {62112F2B-A394-4B35-AE5C-B9907C0E9F9B}
	EndGlobalSection
EndGlobal
